
Microsoft Visual Studio Solution File, Format Version 12.00
# Visual Studio 2013
VisualStudioVersion = 12.0.30501.0
MinimumVisualStudioVersion = 10.0.40219.1
Project("{FAE04EC0-301F-11D3-BF4B-00C04F79EFBC}") = "ImageAnalyzer", "ImageAnalyzer\ImageAnalyzer.csproj", "{46D656DF-4D35-44AA-8739-A711EA12A0EA}"
EndProject
Project("{FAE04EC0-301F-11D3-BF4B-00C04F79EFBC}") = "SizeModule", "SizeModule\SizeModule.csproj", "{EE0AC27B-4105-4FF9-AD6B-24AEF9BEF927}"
EndProject
Project("{FAE04EC0-301F-11D3-BF4B-00C04F79EFBC}") = "ImageAnalyzerSupport", "ImageAnalyzerSupport\ImageAnalyzerSupport.csproj", "{5E0D82C3-CD12-4BA1-AD53-92CE7BE297A4}"
EndProject
Project("{FAE04EC0-301F-11D3-BF4B-00C04F79EFBC}") = "ImageAnalyzerGUI", "ImageAnalyzerGUI\ImageAnalyzerGUI.csproj", "{ECF29FF9-4CF8-4993-BA50-C4C6DD914D81}"
EndProject
Global
	GlobalSection(SolutionConfigurationPlatforms) = preSolution
		Debug|Any CPU = Debug|Any CPU
		Release|Any CPU = Release|Any CPU
	EndGlobalSection
	GlobalSection(ProjectConfigurationPlatforms) = postSolution
		{46D656DF-4D35-44AA-8739-A711EA12A0EA}.Debug|Any CPU.ActiveCfg = Debug|Any CPU
		{46D656DF-4D35-44AA-8739-A711EA12A0EA}.Debug|Any CPU.Build.0 = Debug|Any CPU
		{46D656DF-4D35-44AA-8739-A711EA12A0EA}.Release|Any CPU.ActiveCfg = Release|Any CPU
		{46D656DF-4D35-44AA-8739-A711EA12A0EA}.Release|Any CPU.Build.0 = Release|Any CPU
		{EE0AC27B-4105-4FF9-AD6B-24AEF9BEF927}.Debug|Any CPU.ActiveCfg = Debug|Any CPU
		{EE0AC27B-4105-4FF9-AD6B-24AEF9BEF927}.Debug|Any CPU.Build.0 = Debug|Any CPU
		{EE0AC27B-4105-4FF9-AD6B-24AEF9BEF927}.Release|Any CPU.ActiveCfg = Release|Any CPU
		{EE0AC27B-4105-4FF9-AD6B-24AEF9BEF927}.Release|Any CPU.Build.0 = Release|Any CPU
		{5E0D82C3-CD12-4BA1-AD53-92CE7BE297A4}.Debug|Any CPU.ActiveCfg = Debug|Any CPU
		{5E0D82C3-CD12-4BA1-AD53-92CE7BE297A4}.Debug|Any CPU.Build.0 = Debug|Any CPU
		{5E0D82C3-CD12-4BA1-AD53-92CE7BE297A4}.Release|Any CPU.ActiveCfg = Release|Any CPU
		{5E0D82C3-CD12-4BA1-AD53-92CE7BE297A4}.Release|Any CPU.Build.0 = Release|Any CPU
		{ECF29FF9-4CF8-4993-BA50-C4C6DD914D81}.Debug|Any CPU.ActiveCfg = Debug|Any CPU
		{ECF29FF9-4CF8-4993-BA50-C4C6DD914D81}.Debug|Any CPU.Build.0 = Debug|Any CPU
		{ECF29FF9-4CF8-4993-BA50-C4C6DD914D81}.Release|Any CPU.ActiveCfg = Release|Any CPU
		{ECF29FF9-4CF8-4993-BA50-C4C6DD914D81}.Release|Any CPU.Build.0 = Release|Any CPU
	EndGlobalSection
	GlobalSection(SolutionProperties) = preSolution
		HideSolutionNode = FALSE
	EndGlobalSection
EndGlobal
